
Microsoft Visual Studio Solution File, Format Version 12.00
Project("{FAE04EC0-301F-11D3-BF4B-00C04F79EFBC}") = "Api", "Api\Api.csproj", "{AE75EF22-D7B4-4836-B625-2E897342276D}"
EndProject
Project("{2150E333-8FDC-42A3-9474-1A3956D46DE8}") = "Libs", "Libs", "{09CD2425-23FD-4476-8BD1-B684AFD4832F}"
EndProject
Project("{FAE04EC0-301F-11D3-BF4B-00C04F79EFBC}") = "Dal", "Dal\Dal.csproj", "{232ED249-7445-4E7B-BBE4-9257E66C4997}"
EndProject
Project("{FAE04EC0-301F-11D3-BF4B-00C04F79EFBC}") = "Logic", "Logic\Logic.csproj", "{4E273A26-7603-42FB-B273-FD72063767A4}"
EndProject
Project("{FAE04EC0-301F-11D3-BF4B-00C04F79EFBC}") = "ConfirmOperationLib", "..\..\..\Libs\Shared\ConfirmOperationLib\ConfirmOperationLib.csproj", "{F71D7DA8-39F4-4824-A6E5-F8A7DAF10773}"
EndProject
Project("{FAE04EC0-301F-11D3-BF4B-00C04F79EFBC}") = "CoreLib", "..\..\..\Libs\Shared\CoreLib\CoreLib.csproj", "{D1F22BD8-076A-4D87-B56B-2C4F860D3A98}"
EndProject
Project("{FAE04EC0-301F-11D3-BF4B-00C04F79EFBC}") = "DocumentLib", "..\..\..\Libs\Shared\DocumentLib\DocumentLib.csproj", "{5AAE9CEE-1649-48A5-95D7-F24B3D5CF96B}"
EndProject
Project("{FAE04EC0-301F-11D3-BF4B-00C04F79EFBC}") = "EncryptionLib", "..\..\..\Libs\Shared\EncryptionLib\EncryptionLib.csproj", "{ADE2025B-45C7-456A-BCB2-A8741B52C604}"
EndProject
Project("{FAE04EC0-301F-11D3-BF4B-00C04F79EFBC}") = "IdentityLib", "..\..\..\Libs\Shared\IdentityLib\IdentityLib.csproj", "{1A519A61-9690-4761-97D2-895870F1CD42}"
EndProject
Project("{FAE04EC0-301F-11D3-BF4B-00C04F79EFBC}") = "MultiTenantLib", "..\..\..\Libs\Shared\MultiTenantLib\MultiTenantLib.csproj", "{8CB89DE8-398F-4262-88B4-F270F679B41B}"
EndProject
Project("{FAE04EC0-301F-11D3-BF4B-00C04F79EFBC}") = "ReserveDataLib", "..\..\..\Libs\Shared\ReserveDataLib\ReserveDataLib.csproj", "{91371E3D-C48D-4A2E-B766-B3EE7CF66217}"
EndProject
Project("{FAE04EC0-301F-11D3-BF4B-00C04F79EFBC}") = "SadoCommonLib", "..\..\..\Libs\Sado\SadoCommonLib\SadoCommonLib.csproj", "{53129E39-2DF2-4D6C-BF9B-A69F6FDB08F8}"
EndProject
Global
	GlobalSection(SolutionConfigurationPlatforms) = preSolution
		Debug|Any CPU = Debug|Any CPU
		Release|Any CPU = Release|Any CPU
	EndGlobalSection
	GlobalSection(ProjectConfigurationPlatforms) = postSolution
		{AE75EF22-D7B4-4836-B625-2E897342276D}.Debug|Any CPU.ActiveCfg = Debug|Any CPU
		{AE75EF22-D7B4-4836-B625-2E897342276D}.Debug|Any CPU.Build.0 = Debug|Any CPU
		{AE75EF22-D7B4-4836-B625-2E897342276D}.Release|Any CPU.ActiveCfg = Release|Any CPU
		{AE75EF22-D7B4-4836-B625-2E897342276D}.Release|Any CPU.Build.0 = Release|Any CPU
		{232ED249-7445-4E7B-BBE4-9257E66C4997}.Debug|Any CPU.ActiveCfg = Debug|Any CPU
		{232ED249-7445-4E7B-BBE4-9257E66C4997}.Debug|Any CPU.Build.0 = Debug|Any CPU
		{232ED249-7445-4E7B-BBE4-9257E66C4997}.Release|Any CPU.ActiveCfg = Release|Any CPU
		{232ED249-7445-4E7B-BBE4-9257E66C4997}.Release|Any CPU.Build.0 = Release|Any CPU
		{4E273A26-7603-42FB-B273-FD72063767A4}.Debug|Any CPU.ActiveCfg = Debug|Any CPU
		{4E273A26-7603-42FB-B273-FD72063767A4}.Debug|Any CPU.Build.0 = Debug|Any CPU
		{4E273A26-7603-42FB-B273-FD72063767A4}.Release|Any CPU.ActiveCfg = Release|Any CPU
		{4E273A26-7603-42FB-B273-FD72063767A4}.Release|Any CPU.Build.0 = Release|Any CPU
		{F71D7DA8-39F4-4824-A6E5-F8A7DAF10773}.Debug|Any CPU.ActiveCfg = Debug|Any CPU
		{F71D7DA8-39F4-4824-A6E5-F8A7DAF10773}.Debug|Any CPU.Build.0 = Debug|Any CPU
		{F71D7DA8-39F4-4824-A6E5-F8A7DAF10773}.Release|Any CPU.ActiveCfg = Release|Any CPU
		{F71D7DA8-39F4-4824-A6E5-F8A7DAF10773}.Release|Any CPU.Build.0 = Release|Any CPU
		{D1F22BD8-076A-4D87-B56B-2C4F860D3A98}.Debug|Any CPU.ActiveCfg = Debug|Any CPU
		{D1F22BD8-076A-4D87-B56B-2C4F860D3A98}.Debug|Any CPU.Build.0 = Debug|Any CPU
		{D1F22BD8-076A-4D87-B56B-2C4F860D3A98}.Release|Any CPU.ActiveCfg = Release|Any CPU
		{D1F22BD8-076A-4D87-B56B-2C4F860D3A98}.Release|Any CPU.Build.0 = Release|Any CPU
		{5AAE9CEE-1649-48A5-95D7-F24B3D5CF96B}.Debug|Any CPU.ActiveCfg = Debug|Any CPU
		{5AAE9CEE-1649-48A5-95D7-F24B3D5CF96B}.Debug|Any CPU.Build.0 = Debug|Any CPU
		{5AAE9CEE-1649-48A5-95D7-F24B3D5CF96B}.Release|Any CPU.ActiveCfg = Release|Any CPU
		{5AAE9CEE-1649-48A5-95D7-F24B3D5CF96B}.Release|Any CPU.Build.0 = Release|Any CPU
		{ADE2025B-45C7-456A-BCB2-A8741B52C604}.Debug|Any CPU.ActiveCfg = Debug|Any CPU
		{ADE2025B-45C7-456A-BCB2-A8741B52C604}.Debug|Any CPU.Build.0 = Debug|Any CPU
		{ADE2025B-45C7-456A-BCB2-A8741B52C604}.Release|Any CPU.ActiveCfg = Release|Any CPU
		{ADE2025B-45C7-456A-BCB2-A8741B52C604}.Release|Any CPU.Build.0 = Release|Any CPU
		{1A519A61-9690-4761-97D2-895870F1CD42}.Debug|Any CPU.ActiveCfg = Debug|Any CPU
		{1A519A61-9690-4761-97D2-895870F1CD42}.Debug|Any CPU.Build.0 = Debug|Any CPU
		{1A519A61-9690-4761-97D2-895870F1CD42}.Release|Any CPU.ActiveCfg = Release|Any CPU
		{1A519A61-9690-4761-97D2-895870F1CD42}.Release|Any CPU.Build.0 = Release|Any CPU
		{8CB89DE8-398F-4262-88B4-F270F679B41B}.Debug|Any CPU.ActiveCfg = Debug|Any CPU
		{8CB89DE8-398F-4262-88B4-F270F679B41B}.Debug|Any CPU.Build.0 = Debug|Any CPU
		{8CB89DE8-398F-4262-88B4-F270F679B41B}.Release|Any CPU.ActiveCfg = Release|Any CPU
		{8CB89DE8-398F-4262-88B4-F270F679B41B}.Release|Any CPU.Build.0 = Release|Any CPU
		{91371E3D-C48D-4A2E-B766-B3EE7CF66217}.Debug|Any CPU.ActiveCfg = Debug|Any CPU
		{91371E3D-C48D-4A2E-B766-B3EE7CF66217}.Debug|Any CPU.Build.0 = Debug|Any CPU
		{91371E3D-C48D-4A2E-B766-B3EE7CF66217}.Release|Any CPU.ActiveCfg = Release|Any CPU
		{91371E3D-C48D-4A2E-B766-B3EE7CF66217}.Release|Any CPU.Build.0 = Release|Any CPU
		{53129E39-2DF2-4D6C-BF9B-A69F6FDB08F8}.Debug|Any CPU.ActiveCfg = Debug|Any CPU
		{53129E39-2DF2-4D6C-BF9B-A69F6FDB08F8}.Debug|Any CPU.Build.0 = Debug|Any CPU
		{53129E39-2DF2-4D6C-BF9B-A69F6FDB08F8}.Release|Any CPU.ActiveCfg = Release|Any CPU
		{53129E39-2DF2-4D6C-BF9B-A69F6FDB08F8}.Release|Any CPU.Build.0 = Release|Any CPU
	EndGlobalSection
	GlobalSection(NestedProjects) = preSolution
		{F71D7DA8-39F4-4824-A6E5-F8A7DAF10773} = {09CD2425-23FD-4476-8BD1-B684AFD4832F}
		{D1F22BD8-076A-4D87-B56B-2C4F860D3A98} = {09CD2425-23FD-4476-8BD1-B684AFD4832F}
		{5AAE9CEE-1649-48A5-95D7-F24B3D5CF96B} = {09CD2425-23FD-4476-8BD1-B684AFD4832F}
		{ADE2025B-45C7-456A-BCB2-A8741B52C604} = {09CD2425-23FD-4476-8BD1-B684AFD4832F}
		{1A519A61-9690-4761-97D2-895870F1CD42} = {09CD2425-23FD-4476-8BD1-B684AFD4832F}
		{8CB89DE8-398F-4262-88B4-F270F679B41B} = {09CD2425-23FD-4476-8BD1-B684AFD4832F}
		{91371E3D-C48D-4A2E-B766-B3EE7CF66217} = {09CD2425-23FD-4476-8BD1-B684AFD4832F}
		{53129E39-2DF2-4D6C-BF9B-A69F6FDB08F8} = {09CD2425-23FD-4476-8BD1-B684AFD4832F}
	EndGlobalSection
EndGlobal
